
Microsoft Visual Studio Solution File, Format Version 12.00
# Visual Studio Version 16
VisualStudioVersion = 16.0.29503.13
MinimumVisualStudioVersion = 10.0.40219.1
Project("{FAE04EC0-301F-11D3-BF4B-00C04F79EFBC}") = "WzorzecZlozony-Kaczki", "WzorzecZlozony-Kaczki\WzorzecZlozony-Kaczki.csproj", "{96554D55-0A4E-445F-8C94-0DC9365CBF03}"
EndProject
Global
	GlobalSection(SolutionConfigurationPlatforms) = preSolution
		Debug|Any CPU = Debug|Any CPU
		Release|Any CPU = Release|Any CPU
	EndGlobalSection
	GlobalSection(ProjectConfigurationPlatforms) = postSolution
		{96554D55-0A4E-445F-8C94-0DC9365CBF03}.Debug|Any CPU.ActiveCfg = Debug|Any CPU
		{96554D55-0A4E-445F-8C94-0DC9365CBF03}.Debug|Any CPU.Build.0 = Debug|Any CPU
		{96554D55-0A4E-445F-8C94-0DC9365CBF03}.Release|Any CPU.ActiveCfg = Release|Any CPU
		{96554D55-0A4E-445F-8C94-0DC9365CBF03}.Release|Any CPU.Build.0 = Release|Any CPU
	EndGlobalSection
	GlobalSection(SolutionProperties) = preSolution
		HideSolutionNode = FALSE
	EndGlobalSection
	GlobalSection(ExtensibilityGlobals) = postSolution
		SolutionGuid = {2966C5E0-BBB7-4D93-A3DD-79A6F8DD73C0}
	EndGlobalSection
EndGlobal
